
Microsoft Visual Studio Solution File, Format Version 12.00
# Visual Studio Version 17
VisualStudioVersion = 17.13.35806.99
MinimumVisualStudioVersion = 10.0.40219.1
Project("{FAE04EC0-301F-11D3-BF4B-00C04F79EFBC}") = "LemballEditor", "LemballEditor.csproj", "{B148C6F3-DDA0-4A56-AD95-54412D619278}"
EndProject
Project("{FAE04EC0-301F-11D3-BF4B-00C04F79EFBC}") = "LemballEditor.Tests", "LemballEditor.Tests\LemballEditor.Tests.csproj", "{36861553-CEE9-4B6E-A563-7FC39582600B}"
EndProject
Global
	GlobalSection(SolutionConfigurationPlatforms) = preSolution
		Debug|Any CPU = Debug|Any CPU
		Release|Any CPU = Release|Any CPU
	EndGlobalSection
	GlobalSection(ProjectConfigurationPlatforms) = postSolution
		{B148C6F3-DDA0-4A56-AD95-54412D619278}.Debug|Any CPU.ActiveCfg = Debug|Any CPU
		{B148C6F3-DDA0-4A56-AD95-54412D619278}.Debug|Any CPU.Build.0 = Debug|Any CPU
		{B148C6F3-DDA0-4A56-AD95-54412D619278}.Release|Any CPU.ActiveCfg = Release|Any CPU
		{B148C6F3-DDA0-4A56-AD95-54412D619278}.Release|Any CPU.Build.0 = Release|Any CPU
		{36861553-CEE9-4B6E-A563-7FC39582600B}.Debug|Any CPU.ActiveCfg = Debug|Any CPU
		{36861553-CEE9-4B6E-A563-7FC39582600B}.Debug|Any CPU.Build.0 = Debug|Any CPU
		{36861553-CEE9-4B6E-A563-7FC39582600B}.Release|Any CPU.ActiveCfg = Release|Any CPU
		{36861553-CEE9-4B6E-A563-7FC39582600B}.Release|Any CPU.Build.0 = Release|Any CPU
	EndGlobalSection
	GlobalSection(SolutionProperties) = preSolution
		HideSolutionNode = FALSE
	EndGlobalSection
	GlobalSection(ExtensibilityGlobals) = postSolution
		SolutionGuid = {E6225D8F-D369-4BA6-8721-06D90FBC3072}
	EndGlobalSection
EndGlobal
